<?xml version="1.0" encoding="utf-8"?>
<Project ToolsVersion="4.0" xmlns="http://schemas.microsoft.com/developer/msbuild/2003">
  <ItemGroup>
    <Filter Include="Source Files">
      <UniqueIdentifier>{4FC737F1-C7A5-4376-A066-2A32D752A2FF}</UniqueIdentifier>
      <Extensions>cpp;c;cc;cxx;c++;cppm;ixx;def;odl;idl;hpj;bat;asm;asmx</Extensions>
    </Filter>
    <Filter Include="Header Files">
      <UniqueIdentifier>{93995380-89BD-4b04-88EB-625FBE52EBFB}</UniqueIdentifier>
      <Extensions>h;hh;hpp;hxx;h++;hm;inl;inc;ipp;xsd</Extensions>
    </Filter>
    <Filter Include="Resource Files">
      <UniqueIdentifier>{67DA6AB6-F800-4c08-8B7A-83BB121AAD01}</UniqueIdentifier>
      <Extensions>rc;ico;cur;bmp;dlg;rc2;rct;bin;rgs;gif;jpg;jpeg;jpe;resx;tiff;tif;png;wav;mfcribbon-ms</Extensions>
    </Filter>
  </ItemGroup>
  <ItemGroup>
    <ClCompile Include="ventanaPrincipal.cpp">
      <Filter>Source Files</Filter>
    </ClCompile>
    <ClCompile Include="ventanaMenu.cpp">
      <Filter>Source Files</Filter>
    </ClCompile>
    <ClCompile Include="AVLProducto.cpp">
      <Filter>Source Files</Filter>
    </ClCompile>
    <ClCompile Include="PilaProducto.cpp">
      <Filter>Source Files</Filter>
    </ClCompile>
    <ClCompile Include="AAMenu.cpp">
      <Filter>Source Files</Filter>
    </ClCompile>
    <ClCompile Include="RNRest.cpp">
      <Filter>Source Files</Filter>
    </ClCompile>
    <ClCompile Include="AVLCiudad.cpp">
      <Filter>Source Files</Filter>
    </ClCompile>
    <ClCompile Include="PilaCiudad.cpp">
      <Filter>Source Files</Filter>
    </ClCompile>
    <ClCompile Include="BinarioPais.cpp">
      <Filter>Source Files</Filter>
    </ClCompile>
    <ClCompile Include="PilaPais.cpp">
      <Filter>Source Files</Filter>
    </ClCompile>
    <ClCompile Include="nodoLDCompra.cpp">
      <Filter>Source Files</Filter>
    </ClCompile>
    <ClCompile Include="ArbolB.cpp">
      <Filter>Source Files</Filter>
    </ClCompile>
    <ClCompile Include="listaDCompra.cpp">
      <Filter>Source Files</Filter>
    </ClCompile>
    <ClCompile Include="listaDFila.cpp">
      <Filter>Source Files</Filter>
    </ClCompile>
    <ClCompile Include="cargarArchivo.cpp">
      <Filter>Source Files</Filter>
    </ClCompile>
    <ClCompile Include="ventanaContacto.cpp">
      <Filter>Source Files</Filter>
    </ClCompile>
    <ClCompile Include="ventanaInsertarPais.cpp">
      <Filter>Source Files</Filter>
    </ClCompile>
    <ClCompile Include="ventanaInsertarCiudad.cpp">
      <Filter>Source Files</Filter>
    </ClCompile>
    <ClCompile Include="ventanaInsertarRestaurante.cpp">
      <Filter>Source Files</Filter>
    </ClCompile>
    <ClCompile Include="ventanaInsertarMenu.cpp">
      <Filter>Source Files</Filter>
    </ClCompile>
    <ClCompile Include="ventanaInsertarProducto.cpp">
      <Filter>Source Files</Filter>
    </ClCompile>
    <ClCompile Include="ventanaInsertarCliente.cpp">
      <Filter>Source Files</Filter>
    </ClCompile>
    <ClCompile Include="ventanaInsertarAdmin.cpp">
      <Filter>Source Files</Filter>
    </ClCompile>
    <ClCompile Include="ventanaEliminarPais.cpp">
      <Filter>Source Files</Filter>
    </ClCompile>
    <ClCompile Include="ventanaEliminarCiudad.cpp">
      <Filter>Source Files</Filter>
    </ClCompile>
    <ClCompile Include="ventanaEliminarRestaurante.cpp">
      <Filter>Source Files</Filter>
    </ClCompile>
    <ClCompile Include="ventanaEliminarMenu.cpp">
      <Filter>Source Files</Filter>
    </ClCompile>
    <ClCompile Include="ventanaEliminarProducto.cpp">
      <Filter>Source Files</Filter>
    </ClCompile>
    <ClCompile Include="ventanaEliminarCliente.cpp">
      <Filter>Source Files</Filter>
    </ClCompile>
    <ClCompile Include="ventanaEliminarAdmin.cpp">
      <Filter>Source Files</Filter>
    </ClCompile>
    <ClCompile Include="ventanaBuscarPais.cpp">
      <Filter>Source Files</Filter>
    </ClCompile>
    <ClCompile Include="ventanaBuscarCiudad.cpp">
      <Filter>Source Files</Filter>
    </ClCompile>
    <ClCompile Include="ventanaBuscarRestaurante.cpp">
      <Filter>Source Files</Filter>
    </ClCompile>
    <ClCompile Include="ventanaBuscarMenu.cpp">
      <Filter>Source Files</Filter>
    </ClCompile>
    <ClCompile Include="ventanaBuscarProducto.cpp">
      <Filter>Source Files</Filter>
    </ClCompile>
    <ClCompile Include="ventanaBuscarCliente.cpp">
      <Filter>Source Files</Filter>
    </ClCompile>
    <ClCompile Include="ventanaBuscarAdmin.cpp">
      <Filter>Source Files</Filter>
    </ClCompile>
    <ClCompile Include="ventanaModificarPais.cpp">
      <Filter>Source Files</Filter>
    </ClCompile>
    <ClCompile Include="ventanaModificarCiudad.cpp">
      <Filter>Source Files</Filter>
    </ClCompile>
    <ClCompile Include="ventanaModificarRestaurante.cpp">
      <Filter>Source Files</Filter>
    </ClCompile>
    <ClCompile Include="ventanaModificarMenu.cpp">
      <Filter>Source Files</Filter>
    </ClCompile>
    <ClCompile Include="ventanaModificarProducto.cpp">
      <Filter>Source Files</Filter>
    </ClCompile>
    <ClCompile Include="ventanaModificarCliente.cpp">
      <Filter>Source Files</Filter>
    </ClCompile>
    <ClCompile Include="ventanaModificarAdmin.cpp">
      <Filter>Source Files</Filter>
    </ClCompile>
    <ClCompile Include="ventanaPopupLugares.cpp">
      <Filter>Source Files</Filter>
    </ClCompile>
    <ClCompile Include="ventanaPopupRestaurantes.cpp">
      <Filter>Source Files</Filter>
    </ClCompile>
    <ClCompile Include="ventanaPopupUsuarios.cpp">
      <Filter>Source Files</Filter>
    </ClCompile>
    <ClCompile Include="ventanaPopupPagos.cpp">
      <Filter>Source Files</Filter>
    </ClCompile>
    <ClCompile Include="ventanaPopupPaises.cpp">
      <Filter>Source Files</Filter>
    </ClCompile>
    <ClCompile Include="ventanaPopupCiudades.cpp">
      <Filter>Source Files</Filter>
    </ClCompile>
    <ClCompile Include="ventanaPopupMenu.cpp">
      <Filter>Source Files</Filter>
    </ClCompile>
    <ClCompile Include="ventanaPopupProductos.cpp">
      <Filter>Source Files</Filter>
    </ClCompile>
    <ClCompile Include="ventanaPopupClientes.cpp">
      <Filter>Source Files</Filter>
    </ClCompile>
    <ClCompile Include="ventanaPopupAdministradores.cpp">
      <Filter>Source Files</Filter>
    </ClCompile>
    <ClCompile Include="ventanaPopupFila.cpp">
      <Filter>Source Files</Filter>
    </ClCompile>
    <ClCompile Include="ventanaPopupFacturacion.cpp">
      <Filter>Source Files</Filter>
    </ClCompile>
    <ClCompile Include="ventanaPopupDescuento.cpp">
      <Filter>Source Files</Filter>
    </ClCompile>
    <ClCompile Include="ventanaPopupRestaurantes2.cpp">
      <Filter>Source Files</Filter>
    </ClCompile>
    <ClCompile Include="ventanaEliminarCompra.cpp">
      <Filter>Source Files</Filter>
    </ClCompile>
    <ClCompile Include="ventanaComprar.cpp">
      <Filter>Source Files</Filter>
    </ClCompile>
    <ClCompile Include="ventanaPopupModificarCompra.cpp">
      <Filter>Source Files</Filter>
    </ClCompile>
    <ClCompile Include="ventanaModificarProductoCompra.cpp">
      <Filter>Source Files</Filter>
    </ClCompile>
    <ClCompile Include="ventanaModificarCompra.cpp">
      <Filter>Source Files</Filter>
    </ClCompile>
    <ClCompile Include="ventanaReportePaises.cpp">
      <Filter>Source Files</Filter>
    </ClCompile>
    <ClCompile Include="ventanaReporteRestaurante.cpp">
      <Filter>Source Files</Filter>
    </ClCompile>
    <ClCompile Include="ventanaReporteCiudades.cpp">
      <Filter>Source Files</Filter>
    </ClCompile>
    <ClCompile Include="ventanaReporteRestMasBuscado.cpp">
      <Filter>Source Files</Filter>
    </ClCompile>
    <ClCompile Include="ventanaReporteMenu.cpp">
      <Filter>Source Files</Filter>
    </ClCompile>
    <ClCompile Include="ventanaReporteMenuMasBuscado.cpp">
      <Filter>Source Files</Filter>
    </ClCompile>
    <ClCompile Include="ventanaReporteProductos.cpp">
      <Filter>Source Files</Filter>
    </ClCompile>
    <ClCompile Include="ventanaReportePrecioProducto.cpp">
      <Filter>Source Files</Filter>
    </ClCompile>
    <ClCompile Include="ventanaReporteCantidadProducto.cpp">
      <Filter>Source Files</Filter>
    </ClCompile>
    <ClCompile Include="ventanaReporteComprasCliente.cpp">
      <Filter>Source Files</Filter>
    </ClCompile>
  </ItemGroup>
  <ItemGroup>
    <ClInclude Include="ventanaPrincipal.h">
      <Filter>Header Files</Filter>
    </ClInclude>
    <ClInclude Include="ventanaMenu.h">
      <Filter>Header Files</Filter>
    </ClInclude>
    <ClInclude Include="AVLProducto.h">
      <Filter>Header Files</Filter>
    </ClInclude>
    <ClInclude Include="NodoBinarioProducto.h">
      <Filter>Header Files</Filter>
    </ClInclude>
    <ClInclude Include="PilaProducto.h">
      <Filter>Header Files</Filter>
    </ClInclude>
    <ClInclude Include="AAMenu.h">
      <Filter>Header Files</Filter>
    </ClInclude>
    <ClInclude Include="RNRest.h">
      <Filter>Header Files</Filter>
    </ClInclude>
    <ClInclude Include="AVLCiudad.h">
      <Filter>Header Files</Filter>
    </ClInclude>
    <ClInclude Include="NodoBinarioCiudad.h">
      <Filter>Header Files</Filter>
    </ClInclude>
    <ClInclude Include="PilaCiudad.h">
      <Filter>Header Files</Filter>
    </ClInclude>
    <ClInclude Include="BinarioPais.h">
      <Filter>Header Files</Filter>
    </ClInclude>
    <ClInclude Include="NodoBinarioPais.h">
      <Filter>Header Files</Filter>
    </ClInclude>
    <ClInclude Include="PilaPais.h">
      <Filter>Header Files</Filter>
    </ClInclude>
    <ClInclude Include="nodoLDCompra.h">
      <Filter>Header Files</Filter>
    </ClInclude>
    <ClInclude Include="ArbolB.h">
      <Filter>Header Files</Filter>
    </ClInclude>
    <ClInclude Include="listaDCompra.h">
      <Filter>Header Files</Filter>
    </ClInclude>
    <ClInclude Include="listaDFila.h">
      <Filter>Header Files</Filter>
    </ClInclude>
    <ClInclude Include="cargarArchivo.h">
      <Filter>Header Files</Filter>
    </ClInclude>
    <ClInclude Include="ventanaContacto.h">
      <Filter>Header Files</Filter>
    </ClInclude>
    <ClInclude Include="ventanaInsertarPais.h">
      <Filter>Header Files</Filter>
    </ClInclude>
    <ClInclude Include="ventanaInsertarCiudad.h">
      <Filter>Header Files</Filter>
    </ClInclude>
    <ClInclude Include="ventanaInsertarRestaurante.h">
      <Filter>Header Files</Filter>
    </ClInclude>
    <ClInclude Include="ventanaInsertarMenu.h">
      <Filter>Header Files</Filter>
    </ClInclude>
    <ClInclude Include="ventanaInsertarProducto.h">
      <Filter>Header Files</Filter>
    </ClInclude>
    <ClInclude Include="ventanaInsertarCliente.h">
      <Filter>Header Files</Filter>
    </ClInclude>
    <ClInclude Include="ventanaInsertarAdmin.h">
      <Filter>Header Files</Filter>
    </ClInclude>
    <ClInclude Include="ventanaEliminarPais.h">
      <Filter>Header Files</Filter>
    </ClInclude>
    <ClInclude Include="ventanaEliminarCiudad.h">
      <Filter>Header Files</Filter>
    </ClInclude>
    <ClInclude Include="ventanaEliminarRestaurante.h">
      <Filter>Header Files</Filter>
    </ClInclude>
    <ClInclude Include="ventanaEliminarMenu.h">
      <Filter>Header Files</Filter>
    </ClInclude>
    <ClInclude Include="ventanaEliminarProducto.h">
      <Filter>Header Files</Filter>
    </ClInclude>
    <ClInclude Include="ventanaEliminarCliente.h">
      <Filter>Header Files</Filter>
    </ClInclude>
    <ClInclude Include="ventanaEliminarAdmin.h">
      <Filter>Header Files</Filter>
    </ClInclude>
    <ClInclude Include="ventanaBuscarPais.h">
      <Filter>Header Files</Filter>
    </ClInclude>
    <ClInclude Include="ventanaBuscarCiudad.h">
      <Filter>Header Files</Filter>
    </ClInclude>
    <ClInclude Include="ventanaBuscarRestaurante.h">
      <Filter>Header Files</Filter>
    </ClInclude>
    <ClInclude Include="ventanaBuscarMenu.h">
      <Filter>Header Files</Filter>
    </ClInclude>
    <ClInclude Include="ventanaBuscarProducto.h">
      <Filter>Header Files</Filter>
    </ClInclude>
    <ClInclude Include="ventanaBuscarCliente.h">
      <Filter>Header Files</Filter>
    </ClInclude>
    <ClInclude Include="ventanaBuscarAdmin.h">
      <Filter>Header Files</Filter>
    </ClInclude>
    <ClInclude Include="ventanaModificarPais.h">
      <Filter>Header Files</Filter>
    </ClInclude>
    <ClInclude Include="ventanaModificarCiudad.h">
      <Filter>Header Files</Filter>
    </ClInclude>
    <ClInclude Include="ventanaModificarRestaurante.h">
      <Filter>Header Files</Filter>
    </ClInclude>
    <ClInclude Include="ventanaModificarMenu.h">
      <Filter>Header Files</Filter>
    </ClInclude>
    <ClInclude Include="ventanaModificarProducto.h">
      <Filter>Header Files</Filter>
    </ClInclude>
    <ClInclude Include="ventanaModificarCliente.h">
      <Filter>Header Files</Filter>
    </ClInclude>
    <ClInclude Include="ventanaModificarAdmin.h">
      <Filter>Header Files</Filter>
    </ClInclude>
    <ClInclude Include="ventanaPopupLugares.h">
      <Filter>Header Files</Filter>
    </ClInclude>
    <ClInclude Include="ventanaPopupRestaurantes.h">
      <Filter>Header Files</Filter>
    </ClInclude>
    <ClInclude Include="ventanaPopupUsuarios.h">
      <Filter>Header Files</Filter>
    </ClInclude>
    <ClInclude Include="ventanaPopupPagos.h">
      <Filter>Header Files</Filter>
    </ClInclude>
    <ClInclude Include="ventanaPopupPaises.h">
      <Filter>Header Files</Filter>
    </ClInclude>
    <ClInclude Include="ventanaPopupCiudades.h">
      <Filter>Header Files</Filter>
    </ClInclude>
    <ClInclude Include="ventanaPopupMenu.h">
      <Filter>Header Files</Filter>
    </ClInclude>
    <ClInclude Include="ventanaPopupProductos.h">
      <Filter>Header Files</Filter>
    </ClInclude>
    <ClInclude Include="ventanaPopupClientes.h">
      <Filter>Header Files</Filter>
    </ClInclude>
    <ClInclude Include="ventanaPopupAdministradores.h">
      <Filter>Header Files</Filter>
    </ClInclude>
    <ClInclude Include="ventanaPopupFila.h">
      <Filter>Header Files</Filter>
    </ClInclude>
    <ClInclude Include="ventanaPopupFacturacion.h">
      <Filter>Header Files</Filter>
    </ClInclude>
    <ClInclude Include="ventanaPopupDescuento.h">
      <Filter>Header Files</Filter>
    </ClInclude>
    <ClInclude Include="ventanaPopupRestaurantes2.h">
      <Filter>Header Files</Filter>
    </ClInclude>
    <ClInclude Include="ventanaEliminarCompra.h">
      <Filter>Header Files</Filter>
    </ClInclude>
    <ClInclude Include="ventanaComprar.h">
      <Filter>Header Files</Filter>
    </ClInclude>
    <ClInclude Include="ventanaPopupModificarCompra.h">
      <Filter>Header Files</Filter>
    </ClInclude>
    <ClInclude Include="ventanaModificarProductoCompra.h">
      <Filter>Header Files</Filter>
    </ClInclude>
    <ClInclude Include="ventanaModificarCompra.h">
      <Filter>Header Files</Filter>
    </ClInclude>
    <ClInclude Include="ventanaReportePaises.h">
      <Filter>Header Files</Filter>
    </ClInclude>
    <ClInclude Include="ventanaReporteRestaurante.h">
      <Filter>Header Files</Filter>
    </ClInclude>
    <ClInclude Include="ventanaReporteCiudades.h">
      <Filter>Header Files</Filter>
    </ClInclude>
    <ClInclude Include="ventanaReporteRestMasBuscado.h">
      <Filter>Header Files</Filter>
    </ClInclude>
    <ClInclude Include="ventanaReporteMenu.h">
      <Filter>Header Files</Filter>
    </ClInclude>
    <ClInclude Include="ventanaReporteMenuMasBuscado.h">
      <Filter>Header Files</Filter>
    </ClInclude>
    <ClInclude Include="ventanaReporteProductos.h">
      <Filter>Header Files</Filter>
    </ClInclude>
    <ClInclude Include="ventanaReportePrecioProducto.h">
      <Filter>Header Files</Filter>
    </ClInclude>
    <ClInclude Include="ventanaReporteCantidadProducto.h">
      <Filter>Header Files</Filter>
    </ClInclude>
    <ClInclude Include="ventanaReporteComprasCliente.h">
      <Filter>Header Files</Filter>
    </ClInclude>
  </ItemGroup>
  <ItemGroup>
    <ResourceCompile Include="Interfaz.rc">
      <Filter>Resource Files</Filter>
    </ResourceCompile>
  </ItemGroup>
  <ItemGroup>
    <Text Include="..\..\..\..\PROGRA2\PROGRA2_-_Gustavo_Vargas_Ramirez_-_Gabriel_Campos_Gutierrez\Archivos\Ciudades.txt">
      <Filter>Resource Files</Filter>
    </Text>
    <Text Include="..\..\..\..\PROGRA2\PROGRA2_-_Gustavo_Vargas_Ramirez_-_Gabriel_Campos_Gutierrez\Archivos\Clientes.txt">
      <Filter>Resource Files</Filter>
    </Text>
    <Text Include="..\..\..\..\PROGRA2\PROGRA2_-_Gustavo_Vargas_Ramirez_-_Gabriel_Campos_Gutierrez\Archivos\Menu.txt">
      <Filter>Resource Files</Filter>
    </Text>
    <Text Include="..\..\..\..\PROGRA2\PROGRA2_-_Gustavo_Vargas_Ramirez_-_Gabriel_Campos_Gutierrez\Archivos\Paises.txt">
      <Filter>Resource Files</Filter>
    </Text>
    <Text Include="..\..\..\..\PROGRA2\PROGRA2_-_Gustavo_Vargas_Ramirez_-_Gabriel_Campos_Gutierrez\Archivos\Productos.txt">
      <Filter>Resource Files</Filter>
    </Text>
    <Text Include="..\..\..\..\PROGRA2\PROGRA2_-_Gustavo_Vargas_Ramirez_-_Gabriel_Campos_Gutierrez\Archivos\Restaurantes.txt">
      <Filter>Resource Files</Filter>
    </Text>
  </ItemGroup>
  <ItemGroup>
    <None Include="cpp.hint" />
  </ItemGroup>
</Project>